{
  "originHash" : "4baa326121b089c5992380d8385ee254ff9e033dd9cf98d2f09269e72308c24f",
  "pins" : [
    {
      "identity" : "melo-controller",
      "kind" : "remoteSourceControl",
      "location" : "https://github.com/stossy11/Melo-Controller",
      "state" : {
        "branch" : "main",
        "revision" : "af5778d2510fb9b7c46385b8eb3e8ef37ca9a50c"
      }
    }
  ],
  "version" : 3
}
